// !$*UTF8*$!
{
	archiveVersion = 1;
	classes = {
	};
	objectVersion = 50;
	objects = {

/* Begin PBXBuildFile section */
		4C482F5C2342498F001A00FA /* AppDelegate.m in Sources */ = {isa = PBXBuildFile; fileRef = 4C482F5B2342498F001A00FA /* AppDelegate.m */; };
		4C482F5E23424990001A00FA /* Assets.xcassets in Resources */ = {isa = PBXBuildFile; fileRef = 4C482F5D23424990001A00FA /* Assets.xcassets */; };
		4C482F6123424990001A00FA /* MainMenu.xib in Resources */ = {isa = PBXBuildFile; fileRef = 4C482F5F23424990001A00FA /* MainMenu.xib */; };
		4C482F6423424990001A00FA /* main.m in Sources */ = {isa = PBXBuildFile; fileRef = 4C482F6323424990001A00FA /* main.m */; };
		4C482F6D23424A2A001A00FA /* SOpenGLView.mm in Sources */ = {isa = PBXBuildFile; fileRef = 4C482F6C23424A2A001A00FA /* SOpenGLView.mm */; };
		4C70A4B023436B9A006F22C4 /* sdoomengine.cpp in Sources */ = {isa = PBXBuildFile; fileRef = 4C70A4AE23436B9A006F22C4 /* sdoomengine.cpp */; };
		4C70A4B62343A306006F22C4 /* sdrawapi.cpp in Sources */ = {isa = PBXBuildFile; fileRef = 4C70A4B42343A306006F22C4 /* sdrawapi.cpp */; };
		4C70A4B92343A442006F22C4 /* sopenglapi.cpp in Sources */ = {isa = PBXBuildFile; fileRef = 4C70A4B72343A442006F22C4 /* sopenglapi.cpp */; };
		4C70A4E02343B49B006F22C4 /* alevelintegrity.cpp in Sources */ = {isa = PBXBuildFile; fileRef = 4C70A4BE2343B49A006F22C4 /* alevelintegrity.cpp */; };
		4C70A4E12343B49B006F22C4 /* ageometryreadservice.cpp in Sources */ = {isa = PBXBuildFile; fileRef = 4C70A4BF2343B49A006F22C4 /* ageometryreadservice.cpp */; };
		4C70A4E22343B49B006F22C4 /* apalete.cpp in Sources */ = {isa = PBXBuildFile; fileRef = 4C70A4C12343B49A006F22C4 /* apalete.cpp */; };
		4C70A4E32343B49B006F22C4 /* asprite.cpp in Sources */ = {isa = PBXBuildFile; fileRef = 4C70A4C52343B49A006F22C4 /* asprite.cpp */; };
		4C70A4E42343B49B006F22C4 /* aflat.cpp in Sources */ = {isa = PBXBuildFile; fileRef = 4C70A4C62343B49A006F22C4 /* aflat.cpp */; };
		4C70A4E52343B49B006F22C4 /* autilities.cpp in Sources */ = {isa = PBXBuildFile; fileRef = 4C70A4C72343B49A006F22C4 /* autilities.cpp */; };
		4C70A4E62343B49B006F22C4 /* acolormap.cpp in Sources */ = {isa = PBXBuildFile; fileRef = 4C70A4C82343B49A006F22C4 /* acolormap.cpp */; };
		4C70A4E72343B49B006F22C4 /* atgaexporter.cpp in Sources */ = {isa = PBXBuildFile; fileRef = 4C70A4CA2343B49A006F22C4 /* atgaexporter.cpp */; };
		4C70A4E82343B49B006F22C4 /* apicture.cpp in Sources */ = {isa = PBXBuildFile; fileRef = 4C70A4CB2343B49A006F22C4 /* apicture.cpp */; };
		4C70A4E92343B49B006F22C4 /* awad.cpp in Sources */ = {isa = PBXBuildFile; fileRef = 4C70A4CD2343B49A006F22C4 /* awad.cpp */; };
		4C70A4EA2343B49B006F22C4 /* athing.cpp in Sources */ = {isa = PBXBuildFile; fileRef = 4C70A4D12343B49A006F22C4 /* athing.cpp */; };
		4C70A4EB2343B49B006F22C4 /* ademo.cpp in Sources */ = {isa = PBXBuildFile; fileRef = 4C70A4D32343B49B006F22C4 /* ademo.cpp */; };
		4C70A4EC2343B49B006F22C4 /* alump.cpp in Sources */ = {isa = PBXBuildFile; fileRef = 4C70A4D52343B49B006F22C4 /* alump.cpp */; };
		4C70A4ED2343B49B006F22C4 /* alevel.cpp in Sources */ = {isa = PBXBuildFile; fileRef = 4C70A4D92343B49B006F22C4 /* alevel.cpp */; };
		4C70A4EE2343B49B006F22C4 /* aendoom.cpp in Sources */ = {isa = PBXBuildFile; fileRef = 4C70A4DB2343B49B006F22C4 /* aendoom.cpp */; };
		4C70A4EF2343B49B006F22C4 /* atexture.cpp in Sources */ = {isa = PBXBuildFile; fileRef = 4C70A4DC2343B49B006F22C4 /* atexture.cpp */; };
		4C70A4F02343B49B006F22C4 /* aimagedata.cpp in Sources */ = {isa = PBXBuildFile; fileRef = 4C70A4DD2343B49B006F22C4 /* aimagedata.cpp */; };
		4C70A4F22343B4C9006F22C4 /* doom.wad in Resources */ = {isa = PBXBuildFile; fileRef = 4C70A4F12343B4C9006F22C4 /* doom.wad */; };
/* End PBXBuildFile section */

/* Begin PBXFileReference section */
		4C482F572342498F001A00FA /* software.app */ = {isa = PBXFileReference; explicitFileType = wrapper.application; includeInIndex = 0; path = software.app; sourceTree = BUILT_PRODUCTS_DIR; };
		4C482F5A2342498F001A00FA /* AppDelegate.h */ = {isa = PBXFileReference; lastKnownFileType = sourcecode.c.h; path = AppDelegate.h; sourceTree = "<group>"; };
		4C482F5B2342498F001A00FA /* AppDelegate.m */ = {isa = PBXFileReference; lastKnownFileType = sourcecode.c.objc; path = AppDelegate.m; sourceTree = "<group>"; };
		4C482F5D23424990001A00FA /* Assets.xcassets */ = {isa = PBXFileReference; lastKnownFileType = folder.assetcatalog; path = Assets.xcassets; sourceTree = "<group>"; };
		4C482F6023424990001A00FA /* Base */ = {isa = PBXFileReference; lastKnownFileType = file.xib; name = Base; path = Base.lproj/MainMenu.xib; sourceTree = "<group>"; };
		4C482F6223424990001A00FA /* Info.plist */ = {isa = PBXFileReference; lastKnownFileType = text.plist.xml; path = Info.plist; sourceTree = "<group>"; };
		4C482F6323424990001A00FA /* main.m */ = {isa = PBXFileReference; lastKnownFileType = sourcecode.c.objc; path = main.m; sourceTree = "<group>"; };
		4C482F6523424990001A00FA /* software.entitlements */ = {isa = PBXFileReference; lastKnownFileType = text.plist.entitlements; path = software.entitlements; sourceTree = "<group>"; };
		4C482F6B23424A2A001A00FA /* SOpenGLView.h */ = {isa = PBXFileReference; lastKnownFileType = sourcecode.c.h; path = SOpenGLView.h; sourceTree = "<group>"; };
		4C482F6C23424A2A001A00FA /* SOpenGLView.mm */ = {isa = PBXFileReference; lastKnownFileType = sourcecode.cpp.objcpp; path = SOpenGLView.mm; sourceTree = "<group>"; };
		4C70A4AD23436B9A006F22C4 /* doomtypes.h */ = {isa = PBXFileReference; fileEncoding = 4; lastKnownFileType = sourcecode.c.h; name = doomtypes.h; path = doomengine/doomtypes.h; sourceTree = "<group>"; };
		4C70A4AE23436B9A006F22C4 /* sdoomengine.cpp */ = {isa = PBXFileReference; fileEncoding = 4; lastKnownFileType = sourcecode.cpp.cpp; name = sdoomengine.cpp; path = doomengine/sdoomengine.cpp; sourceTree = "<group>"; };
		4C70A4AF23436B9A006F22C4 /* sdoomengine.h */ = {isa = PBXFileReference; fileEncoding = 4; lastKnownFileType = sourcecode.c.h; name = sdoomengine.h; path = doomengine/sdoomengine.h; sourceTree = "<group>"; };
		4C70A4B42343A306006F22C4 /* sdrawapi.cpp */ = {isa = PBXFileReference; lastKnownFileType = sourcecode.cpp.cpp; name = sdrawapi.cpp; path = doomengine/sdrawapi.cpp; sourceTree = "<group>"; };
		4C70A4B52343A306006F22C4 /* sdrawapi.h */ = {isa = PBXFileReference; lastKnownFileType = sourcecode.c.h; name = sdrawapi.h; path = doomengine/sdrawapi.h; sourceTree = "<group>"; };
		4C70A4B72343A442006F22C4 /* sopenglapi.cpp */ = {isa = PBXFileReference; fileEncoding = 4; lastKnownFileType = sourcecode.cpp.cpp; name = sopenglapi.cpp; path = doomengine/sopenglapi.cpp; sourceTree = "<group>"; };
		4C70A4B82343A442006F22C4 /* sopenglapi.h */ = {isa = PBXFileReference; fileEncoding = 4; lastKnownFileType = sourcecode.c.h; name = sopenglapi.h; path = doomengine/sopenglapi.h; sourceTree = "<group>"; };
		4C70A4BC2343B49A006F22C4 /* apicture.h */ = {isa = PBXFileReference; fileEncoding = 4; lastKnownFileType = sourcecode.c.h; name = apicture.h; path = wad/apicture.h; sourceTree = "<group>"; };
		4C70A4BD2343B49A006F22C4 /* athing.h */ = {isa = PBXFileReference; fileEncoding = 4; lastKnownFileType = sourcecode.c.h; name = athing.h; path = wad/athing.h; sourceTree = "<group>"; };
		4C70A4BE2343B49A006F22C4 /* alevelintegrity.cpp */ = {isa = PBXFileReference; fileEncoding = 4; lastKnownFileType = sourcecode.cpp.cpp; name = alevelintegrity.cpp; path = wad/alevelintegrity.cpp; sourceTree = "<group>"; };
		4C70A4BF2343B49A006F22C4 /* ageometryreadservice.cpp */ = {isa = PBXFileReference; fileEncoding = 4; lastKnownFileType = sourcecode.cpp.cpp; name = ageometryreadservice.cpp; path = wad/ageometryreadservice.cpp; sourceTree = "<group>"; };
		4C70A4C02343B49A006F22C4 /* apalete.h */ = {isa = PBXFileReference; fileEncoding = 4; lastKnownFileType = sourcecode.c.h; name = apalete.h; path = wad/apalete.h; sourceTree = "<group>"; };
		4C70A4C12343B49A006F22C4 /* apalete.cpp */ = {isa = PBXFileReference; fileEncoding = 4; lastKnownFileType = sourcecode.cpp.cpp; name = apalete.cpp; path = wad/apalete.cpp; sourceTree = "<group>"; };
		4C70A4C22343B49A006F22C4 /* alevelintegrity.h */ = {isa = PBXFileReference; fileEncoding = 4; lastKnownFileType = sourcecode.c.h; name = alevelintegrity.h; path = wad/alevelintegrity.h; sourceTree = "<group>"; };
		4C70A4C32343B49A006F22C4 /* atexture.h */ = {isa = PBXFileReference; fileEncoding = 4; lastKnownFileType = sourcecode.c.h; name = atexture.h; path = wad/atexture.h; sourceTree = "<group>"; };
		4C70A4C42343B49A006F22C4 /* atgaexporter.h */ = {isa = PBXFileReference; fileEncoding = 4; lastKnownFileType = sourcecode.c.h; name = atgaexporter.h; path = wad/atgaexporter.h; sourceTree = "<group>"; };
		4C70A4C52343B49A006F22C4 /* asprite.cpp */ = {isa = PBXFileReference; fileEncoding = 4; lastKnownFileType = sourcecode.cpp.cpp; name = asprite.cpp; path = wad/asprite.cpp; sourceTree = "<group>"; };
		4C70A4C62343B49A006F22C4 /* aflat.cpp */ = {isa = PBXFileReference; fileEncoding = 4; lastKnownFileType = sourcecode.cpp.cpp; name = aflat.cpp; path = wad/aflat.cpp; sourceTree = "<group>"; };
		4C70A4C72343B49A006F22C4 /* autilities.cpp */ = {isa = PBXFileReference; fileEncoding = 4; lastKnownFileType = sourcecode.cpp.cpp; name = autilities.cpp; path = wad/autilities.cpp; sourceTree = "<group>"; };
		4C70A4C82343B49A006F22C4 /* acolormap.cpp */ = {isa = PBXFileReference; fileEncoding = 4; lastKnownFileType = sourcecode.cpp.cpp; name = acolormap.cpp; path = wad/acolormap.cpp; sourceTree = "<group>"; };
		4C70A4C92343B49A006F22C4 /* alevel.h */ = {isa = PBXFileReference; fileEncoding = 4; lastKnownFileType = sourcecode.c.h; name = alevel.h; path = wad/alevel.h; sourceTree = "<group>"; };
		4C70A4CA2343B49A006F22C4 /* atgaexporter.cpp */ = {isa = PBXFileReference; fileEncoding = 4; lastKnownFileType = sourcecode.cpp.cpp; name = atgaexporter.cpp; path = wad/atgaexporter.cpp; sourceTree = "<group>"; };
		4C70A4CB2343B49A006F22C4 /* apicture.cpp */ = {isa = PBXFileReference; fileEncoding = 4; lastKnownFileType = sourcecode.cpp.cpp; name = apicture.cpp; path = wad/apicture.cpp; sourceTree = "<group>"; };
		4C70A4CC2343B49A006F22C4 /* enums.h */ = {isa = PBXFileReference; fileEncoding = 4; lastKnownFileType = sourcecode.c.h; name = enums.h; path = wad/enums.h; sourceTree = "<group>"; };
		4C70A4CD2343B49A006F22C4 /* awad.cpp */ = {isa = PBXFileReference; fileEncoding = 4; lastKnownFileType = sourcecode.cpp.cpp; name = awad.cpp; path = wad/awad.cpp; sourceTree = "<group>"; };
		4C70A4CE2343B49A006F22C4 /* aendoom.h */ = {isa = PBXFileReference; fileEncoding = 4; lastKnownFileType = sourcecode.c.h; name = aendoom.h; path = wad/aendoom.h; sourceTree = "<group>"; };
		4C70A4CF2343B49A006F22C4 /* alump.h */ = {isa = PBXFileReference; fileEncoding = 4; lastKnownFileType = sourcecode.c.h; name = alump.h; path = wad/alump.h; sourceTree = "<group>"; };
		4C70A4D02343B49A006F22C4 /* ademo.h */ = {isa = PBXFileReference; fileEncoding = 4; lastKnownFileType = sourcecode.c.h; name = ademo.h; path = wad/ademo.h; sourceTree = "<group>"; };
		4C70A4D12343B49A006F22C4 /* athing.cpp */ = {isa = PBXFileReference; fileEncoding = 4; lastKnownFileType = sourcecode.cpp.cpp; name = athing.cpp; path = wad/athing.cpp; sourceTree = "<group>"; };
		4C70A4D22343B49A006F22C4 /* ageometryreadservice.h */ = {isa = PBXFileReference; fileEncoding = 4; lastKnownFileType = sourcecode.c.h; name = ageometryreadservice.h; path = wad/ageometryreadservice.h; sourceTree = "<group>"; };
		4C70A4D32343B49B006F22C4 /* ademo.cpp */ = {isa = PBXFileReference; fileEncoding = 4; lastKnownFileType = sourcecode.cpp.cpp; name = ademo.cpp; path = wad/ademo.cpp; sourceTree = "<group>"; };
		4C70A4D42343B49B006F22C4 /* aimagedata.h */ = {isa = PBXFileReference; fileEncoding = 4; lastKnownFileType = sourcecode.c.h; name = aimagedata.h; path = wad/aimagedata.h; sourceTree = "<group>"; };
		4C70A4D52343B49B006F22C4 /* alump.cpp */ = {isa = PBXFileReference; fileEncoding = 4; lastKnownFileType = sourcecode.cpp.cpp; name = alump.cpp; path = wad/alump.cpp; sourceTree = "<group>"; };
		4C70A4D62343B49B006F22C4 /* asprite.h */ = {isa = PBXFileReference; fileEncoding = 4; lastKnownFileType = sourcecode.c.h; name = asprite.h; path = wad/asprite.h; sourceTree = "<group>"; };
		4C70A4D72343B49B006F22C4 /* autilities.h */ = {isa = PBXFileReference; fileEncoding = 4; lastKnownFileType = sourcecode.c.h; name = autilities.h; path = wad/autilities.h; sourceTree = "<group>"; };
		4C70A4D82343B49B006F22C4 /* types.h */ = {isa = PBXFileReference; fileEncoding = 4; lastKnownFileType = sourcecode.c.h; name = types.h; path = wad/types.h; sourceTree = "<group>"; };
		4C70A4D92343B49B006F22C4 /* alevel.cpp */ = {isa = PBXFileReference; fileEncoding = 4; lastKnownFileType = sourcecode.cpp.cpp; name = alevel.cpp; path = wad/alevel.cpp; sourceTree = "<group>"; };
		4C70A4DA2343B49B006F22C4 /* awad.h */ = {isa = PBXFileReference; fileEncoding = 4; lastKnownFileType = sourcecode.c.h; name = awad.h; path = wad/awad.h; sourceTree = "<group>"; };
		4C70A4DB2343B49B006F22C4 /* aendoom.cpp */ = {isa = PBXFileReference; fileEncoding = 4; lastKnownFileType = sourcecode.cpp.cpp; name = aendoom.cpp; path = wad/aendoom.cpp; sourceTree = "<group>"; };
		4C70A4DC2343B49B006F22C4 /* atexture.cpp */ = {isa = PBXFileReference; fileEncoding = 4; lastKnownFileType = sourcecode.cpp.cpp; name = atexture.cpp; path = wad/atexture.cpp; sourceTree = "<group>"; };
		4C70A4DD2343B49B006F22C4 /* aimagedata.cpp */ = {isa = PBXFileReference; fileEncoding = 4; lastKnownFileType = sourcecode.cpp.cpp; name = aimagedata.cpp; path = wad/aimagedata.cpp; sourceTree = "<group>"; };
		4C70A4DE2343B49B006F22C4 /* acolormap.h */ = {isa = PBXFileReference; fileEncoding = 4; lastKnownFileType = sourcecode.c.h; name = acolormap.h; path = wad/acolormap.h; sourceTree = "<group>"; };
		4C70A4DF2343B49B006F22C4 /* aflat.h */ = {isa = PBXFileReference; fileEncoding = 4; lastKnownFileType = sourcecode.c.h; name = aflat.h; path = wad/aflat.h; sourceTree = "<group>"; };
		4C70A4F12343B4C9006F22C4 /* doom.wad */ = {isa = PBXFileReference; lastKnownFileType = file; path = doom.wad; sourceTree = "<group>"; };
/* End PBXFileReference section */

/* Begin PBXFrameworksBuildPhase section */
		4C482F542342498F001A00FA /* Frameworks */ = {
			isa = PBXFrameworksBuildPhase;
			buildActionMask = 2147483647;
			files = (
			);
			runOnlyForDeploymentPostprocessing = 0;
		};
/* End PBXFrameworksBuildPhase section */

/* Begin PBXGroup section */
		4C482F4E2342498F001A00FA = {
			isa = PBXGroup;
			children = (
				4C70A4BB2343B482006F22C4 /* WAD */,
				4C482F7123424B6C001A00FA /* DoomEngine */,
				4C482F592342498F001A00FA /* software */,
				4C482F582342498F001A00FA /* Products */,
			);
			sourceTree = "<group>";
		};
		4C482F582342498F001A00FA /* Products */ = {
			isa = PBXGroup;
			children = (
				4C482F572342498F001A00FA /* software.app */,
			);
			name = Products;
			sourceTree = "<group>";
		};
		4C482F592342498F001A00FA /* software */ = {
			isa = PBXGroup;
			children = (
				4C70A4F12343B4C9006F22C4 /* doom.wad */,
				4C482F6B23424A2A001A00FA /* SOpenGLView.h */,
				4C482F6C23424A2A001A00FA /* SOpenGLView.mm */,
				4C482F5A2342498F001A00FA /* AppDelegate.h */,
				4C482F5B2342498F001A00FA /* AppDelegate.m */,
				4C482F5D23424990001A00FA /* Assets.xcassets */,
				4C482F5F23424990001A00FA /* MainMenu.xib */,
				4C482F6223424990001A00FA /* Info.plist */,
				4C482F6323424990001A00FA /* main.m */,
				4C482F6523424990001A00FA /* software.entitlements */,
			);
			path = software;
			sourceTree = "<group>";
		};
		4C482F7123424B6C001A00FA /* DoomEngine */ = {
			isa = PBXGroup;
			children = (
				4C70A4BA2343B2EE006F22C4 /* DrawAPI */,
				4C70A4AD23436B9A006F22C4 /* doomtypes.h */,
				4C70A4AF23436B9A006F22C4 /* sdoomengine.h */,
				4C70A4AE23436B9A006F22C4 /* sdoomengine.cpp */,
			);
			name = DoomEngine;
			sourceTree = "<group>";
		};
		4C70A4BA2343B2EE006F22C4 /* DrawAPI */ = {
			isa = PBXGroup;
			children = (
				4C70A4B52343A306006F22C4 /* sdrawapi.h */,
				4C70A4B42343A306006F22C4 /* sdrawapi.cpp */,
				4C70A4B82343A442006F22C4 /* sopenglapi.h */,
				4C70A4B72343A442006F22C4 /* sopenglapi.cpp */,
			);
			name = DrawAPI;
			sourceTree = "<group>";
		};
		4C70A4BB2343B482006F22C4 /* WAD */ = {
			isa = PBXGroup;
			children = (
				4C70A4C82343B49A006F22C4 /* acolormap.cpp */,
				4C70A4DE2343B49B006F22C4 /* acolormap.h */,
				4C70A4D32343B49B006F22C4 /* ademo.cpp */,
				4C70A4D02343B49A006F22C4 /* ademo.h */,
				4C70A4DB2343B49B006F22C4 /* aendoom.cpp */,
				4C70A4CE2343B49A006F22C4 /* aendoom.h */,
				4C70A4C62343B49A006F22C4 /* aflat.cpp */,
				4C70A4DF2343B49B006F22C4 /* aflat.h */,
				4C70A4BF2343B49A006F22C4 /* ageometryreadservice.cpp */,
				4C70A4D22343B49A006F22C4 /* ageometryreadservice.h */,
				4C70A4DD2343B49B006F22C4 /* aimagedata.cpp */,
				4C70A4D42343B49B006F22C4 /* aimagedata.h */,
				4C70A4D92343B49B006F22C4 /* alevel.cpp */,
				4C70A4C92343B49A006F22C4 /* alevel.h */,
				4C70A4BE2343B49A006F22C4 /* alevelintegrity.cpp */,
				4C70A4C22343B49A006F22C4 /* alevelintegrity.h */,
				4C70A4D52343B49B006F22C4 /* alump.cpp */,
				4C70A4CF2343B49A006F22C4 /* alump.h */,
				4C70A4C12343B49A006F22C4 /* apalete.cpp */,
				4C70A4C02343B49A006F22C4 /* apalete.h */,
				4C70A4CB2343B49A006F22C4 /* apicture.cpp */,
				4C70A4BC2343B49A006F22C4 /* apicture.h */,
				4C70A4C52343B49A006F22C4 /* asprite.cpp */,
				4C70A4D62343B49B006F22C4 /* asprite.h */,
				4C70A4DC2343B49B006F22C4 /* atexture.cpp */,
				4C70A4C32343B49A006F22C4 /* atexture.h */,
				4C70A4CA2343B49A006F22C4 /* atgaexporter.cpp */,
				4C70A4C42343B49A006F22C4 /* atgaexporter.h */,
				4C70A4D12343B49A006F22C4 /* athing.cpp */,
				4C70A4BD2343B49A006F22C4 /* athing.h */,
				4C70A4C72343B49A006F22C4 /* autilities.cpp */,
				4C70A4D72343B49B006F22C4 /* autilities.h */,
				4C70A4CD2343B49A006F22C4 /* awad.cpp */,
				4C70A4DA2343B49B006F22C4 /* awad.h */,
				4C70A4CC2343B49A006F22C4 /* enums.h */,
				4C70A4D82343B49B006F22C4 /* types.h */,
			);
			name = WAD;
			sourceTree = "<group>";
		};
/* End PBXGroup section */

/* Begin PBXNativeTarget section */
		4C482F562342498F001A00FA /* software */ = {
			isa = PBXNativeTarget;
			buildConfigurationList = 4C482F6823424990001A00FA /* Build configuration list for PBXNativeTarget "software" */;
			buildPhases = (
				4C482F532342498F001A00FA /* Sources */,
				4C482F542342498F001A00FA /* Frameworks */,
				4C482F552342498F001A00FA /* Resources */,
			);
			buildRules = (
			);
			dependencies = (
			);
			name = software;
			productName = software;
			productReference = 4C482F572342498F001A00FA /* software.app */;
			productType = "com.apple.product-type.application";
		};
/* End PBXNativeTarget section */

/* Begin PBXProject section */
		4C482F4F2342498F001A00FA /* Project object */ = {
			isa = PBXProject;
			attributes = {
				LastUpgradeCheck = 1020;
				ORGANIZATIONNAME = Michael;
				TargetAttributes = {
					4C482F562342498F001A00FA = {
						CreatedOnToolsVersion = 10.2.1;
					};
				};
			};
			buildConfigurationList = 4C482F522342498F001A00FA /* Build configuration list for PBXProject "software" */;
			compatibilityVersion = "Xcode 9.3";
			developmentRegion = en;
			hasScannedForEncodings = 0;
			knownRegions = (
				en,
				Base,
			);
			mainGroup = 4C482F4E2342498F001A00FA;
			productRefGroup = 4C482F582342498F001A00FA /* Products */;
			projectDirPath = "";
			projectRoot = "";
			targets = (
				4C482F562342498F001A00FA /* software */,
			);
		};
/* End PBXProject section */

/* Begin PBXResourcesBuildPhase section */
		4C482F552342498F001A00FA /* Resources */ = {
			isa = PBXResourcesBuildPhase;
			buildActionMask = 2147483647;
			files = (
				4C70A4F22343B4C9006F22C4 /* doom.wad in Resources */,
				4C482F5E23424990001A00FA /* Assets.xcassets in Resources */,
				4C482F6123424990001A00FA /* MainMenu.xib in Resources */,
			);
			runOnlyForDeploymentPostprocessing = 0;
		};
/* End PBXResourcesBuildPhase section */

/* Begin PBXSourcesBuildPhase section */
		4C482F532342498F001A00FA /* Sources */ = {
			isa = PBXSourcesBuildPhase;
			buildActionMask = 2147483647;
			files = (
				4C70A4ED2343B49B006F22C4 /* alevel.cpp in Sources */,
				4C70A4E02343B49B006F22C4 /* alevelintegrity.cpp in Sources */,
				4C70A4B62343A306006F22C4 /* sdrawapi.cpp in Sources */,
				4C70A4EB2343B49B006F22C4 /* ademo.cpp in Sources */,
				4C70A4E22343B49B006F22C4 /* apalete.cpp in Sources */,
				4C70A4EF2343B49B006F22C4 /* atexture.cpp in Sources */,
				4C70A4B92343A442006F22C4 /* sopenglapi.cpp in Sources */,
				4C70A4E12343B49B006F22C4 /* ageometryreadservice.cpp in Sources */,
				4C70A4E62343B49B006F22C4 /* acolormap.cpp in Sources */,
				4C70A4E92343B49B006F22C4 /* awad.cpp in Sources */,
				4C70A4B023436B9A006F22C4 /* sdoomengine.cpp in Sources */,
				4C482F6423424990001A00FA /* main.m in Sources */,
				4C70A4EA2343B49B006F22C4 /* athing.cpp in Sources */,
				4C482F6D23424A2A001A00FA /* SOpenGLView.mm in Sources */,
				4C70A4F02343B49B006F22C4 /* aimagedata.cpp in Sources */,
				4C70A4E52343B49B006F22C4 /* autilities.cpp in Sources */,
				4C70A4EE2343B49B006F22C4 /* aendoom.cpp in Sources */,
				4C70A4E32343B49B006F22C4 /* asprite.cpp in Sources */,
				4C70A4EC2343B49B006F22C4 /* alump.cpp in Sources */,
				4C70A4E72343B49B006F22C4 /* atgaexporter.cpp in Sources */,
				4C70A4E42343B49B006F22C4 /* aflat.cpp in Sources */,
				4C70A4E82343B49B006F22C4 /* apicture.cpp in Sources */,
				4C482F5C2342498F001A00FA /* AppDelegate.m in Sources */,
			);
			runOnlyForDeploymentPostprocessing = 0;
		};
/* End PBXSourcesBuildPhase section */

/* Begin PBXVariantGroup section */
		4C482F5F23424990001A00FA /* MainMenu.xib */ = {
			isa = PBXVariantGroup;
			children = (
				4C482F6023424990001A00FA /* Base */,
			);
			name = MainMenu.xib;
			sourceTree = "<group>";
		};
/* End PBXVariantGroup section */

/* Begin XCBuildConfiguration section */
		4C482F6623424990001A00FA /* Debug */ = {
			isa = XCBuildConfiguration;
			buildSettings = {
				ALWAYS_SEARCH_USER_PATHS = NO;
				CLANG_ANALYZER_NONNULL = YES;
				CLANG_ANALYZER_NUMBER_OBJECT_CONVERSION = YES_AGGRESSIVE;
				CLANG_CXX_LANGUAGE_STANDARD = "gnu++14";
				CLANG_CXX_LIBRARY = "libc++";
				CLANG_ENABLE_MODULES = YES;
				CLANG_ENABLE_OBJC_ARC = YES;
				CLANG_ENABLE_OBJC_WEAK = YES;
				CLANG_WARN_BLOCK_CAPTURE_AUTORELEASING = YES;
				CLANG_WARN_BOOL_CONVERSION = YES;
				CLANG_WARN_COMMA = YES;
				CLANG_WARN_CONSTANT_CONVERSION = YES;
				CLANG_WARN_DEPRECATED_OBJC_IMPLEMENTATIONS = YES;
				CLANG_WARN_DIRECT_OBJC_ISA_USAGE = YES_ERROR;
				CLANG_WARN_DOCUMENTATION_COMMENTS = YES;
				CLANG_WARN_EMPTY_BODY = YES;
				CLANG_WARN_ENUM_CONVERSION = YES;
				CLANG_WARN_INFINITE_RECURSION = YES;
				CLANG_WARN_INT_CONVERSION = YES;
				CLANG_WARN_NON_LITERAL_NULL_CONVERSION = YES;
				CLANG_WARN_OBJC_IMPLICIT_RETAIN_SELF = YES;
				CLANG_WARN_OBJC_LITERAL_CONVERSION = YES;
				CLANG_WARN_OBJC_ROOT_CLASS = YES_ERROR;
				CLANG_WARN_RANGE_LOOP_ANALYSIS = YES;
				CLANG_WARN_STRICT_PROTOTYPES = YES;
				CLANG_WARN_SUSPICIOUS_MOVE = YES;
				CLANG_WARN_UNGUARDED_AVAILABILITY = YES_AGGRESSIVE;
				CLANG_WARN_UNREACHABLE_CODE = YES;
				CLANG_WARN__DUPLICATE_METHOD_MATCH = YES;
				CODE_SIGN_IDENTITY = "Mac Developer";
				COPY_PHASE_STRIP = NO;
				DEBUG_INFORMATION_FORMAT = dwarf;
				ENABLE_STRICT_OBJC_MSGSEND = YES;
				ENABLE_TESTABILITY = YES;
				GCC_C_LANGUAGE_STANDARD = gnu11;
				GCC_DYNAMIC_NO_PIC = NO;
				GCC_NO_COMMON_BLOCKS = YES;
				GCC_OPTIMIZATION_LEVEL = 0;
				GCC_PREPROCESSOR_DEFINITIONS = (
					"DEBUG=1",
					"$(inherited)",
				);
				GCC_WARN_64_TO_32_BIT_CONVERSION = YES;
				GCC_WARN_ABOUT_RETURN_TYPE = YES_ERROR;
				GCC_WARN_UNDECLARED_SELECTOR = YES;
				GCC_WARN_UNINITIALIZED_AUTOS = YES_AGGRESSIVE;
				GCC_WARN_UNUSED_FUNCTION = YES;
				GCC_WARN_UNUSED_VARIABLE = YES;
				MACOSX_DEPLOYMENT_TARGET = 10.14;
				MTL_ENABLE_DEBUG_INFO = INCLUDE_SOURCE;
				MTL_FAST_MATH = YES;
				ONLY_ACTIVE_ARCH = YES;
				SDKROOT = macosx;
			};
			name = Debug;
		};
		4C482F6723424990001A00FA /* Release */ = {
			isa = XCBuildConfiguration;
			buildSettings = {
				ALWAYS_SEARCH_USER_PATHS = NO;
				CLANG_ANALYZER_NONNULL = YES;
				CLANG_ANALYZER_NUMBER_OBJECT_CONVERSION = YES_AGGRESSIVE;
				CLANG_CXX_LANGUAGE_STANDARD = "gnu++14";
				CLANG_CXX_LIBRARY = "libc++";
				CLANG_ENABLE_MODULES = YES;
				CLANG_ENABLE_OBJC_ARC = YES;
				CLANG_ENABLE_OBJC_WEAK = YES;
				CLANG_WARN_BLOCK_CAPTURE_AUTORELEASING = YES;
				CLANG_WARN_BOOL_CONVERSION = YES;
				CLANG_WARN_COMMA = YES;
				CLANG_WARN_CONSTANT_CONVERSION = YES;
				CLANG_WARN_DEPRECATED_OBJC_IMPLEMENTATIONS = YES;
				CLANG_WARN_DIRECT_OBJC_ISA_USAGE = YES_ERROR;
				CLANG_WARN_DOCUMENTATION_COMMENTS = YES;
				CLANG_WARN_EMPTY_BODY = YES;
				CLANG_WARN_ENUM_CONVERSION = YES;
				CLANG_WARN_INFINITE_RECURSION = YES;
				CLANG_WARN_INT_CONVERSION = YES;
				CLANG_WARN_NON_LITERAL_NULL_CONVERSION = YES;
				CLANG_WARN_OBJC_IMPLICIT_RETAIN_SELF = YES;
				CLANG_WARN_OBJC_LITERAL_CONVERSION = YES;
				CLANG_WARN_OBJC_ROOT_CLASS = YES_ERROR;
				CLANG_WARN_RANGE_LOOP_ANALYSIS = YES;
				CLANG_WARN_STRICT_PROTOTYPES = YES;
				CLANG_WARN_SUSPICIOUS_MOVE = YES;
				CLANG_WARN_UNGUARDED_AVAILABILITY = YES_AGGRESSIVE;
				CLANG_WARN_UNREACHABLE_CODE = YES;
				CLANG_WARN__DUPLICATE_METHOD_MATCH = YES;
				CODE_SIGN_IDENTITY = "Mac Developer";
				COPY_PHASE_STRIP = NO;
				DEBUG_INFORMATION_FORMAT = "dwarf-with-dsym";
				ENABLE_NS_ASSERTIONS = NO;
				ENABLE_STRICT_OBJC_MSGSEND = YES;
				GCC_C_LANGUAGE_STANDARD = gnu11;
				GCC_NO_COMMON_BLOCKS = YES;
				GCC_WARN_64_TO_32_BIT_CONVERSION = YES;
				GCC_WARN_ABOUT_RETURN_TYPE = YES_ERROR;
				GCC_WARN_UNDECLARED_SELECTOR = YES;
				GCC_WARN_UNINITIALIZED_AUTOS = YES_AGGRESSIVE;
				GCC_WARN_UNUSED_FUNCTION = YES;
				GCC_WARN_UNUSED_VARIABLE = YES;
				MACOSX_DEPLOYMENT_TARGET = 10.14;
				MTL_ENABLE_DEBUG_INFO = NO;
				MTL_FAST_MATH = YES;
				SDKROOT = macosx;
			};
			name = Release;
		};
		4C482F6923424990001A00FA /* Debug */ = {
			isa = XCBuildConfiguration;
			buildSettings = {
				ASSETCATALOG_COMPILER_APPICON_NAME = AppIcon;
				CODE_SIGN_ENTITLEMENTS = software/software.entitlements;
				CODE_SIGN_STYLE = Automatic;
				COMBINE_HIDPI_IMAGES = YES;
				DEVELOPMENT_TEAM = 67BUZRGVX2;
				INFOPLIST_FILE = software/Info.plist;
				LD_RUNPATH_SEARCH_PATHS = (
					"$(inherited)",
					"@executable_path/../Frameworks",
				);
				PRODUCT_BUNDLE_IDENTIFIER = customertimes.software;
				PRODUCT_NAME = "$(TARGET_NAME)";
			};
			name = Debug;
		};
		4C482F6A23424990001A00FA /* Release */ = {
			isa = XCBuildConfiguration;
			buildSettings = {
				ASSETCATALOG_COMPILER_APPICON_NAME = AppIcon;
				CODE_SIGN_ENTITLEMENTS = software/software.entitlements;
				CODE_SIGN_STYLE = Automatic;
				COMBINE_HIDPI_IMAGES = YES;
				DEVELOPMENT_TEAM = 67BUZRGVX2;
				INFOPLIST_FILE = software/Info.plist;
				LD_RUNPATH_SEARCH_PATHS = (
					"$(inherited)",
					"@executable_path/../Frameworks",
				);
				PRODUCT_BUNDLE_IDENTIFIER = customertimes.software;
				PRODUCT_NAME = "$(TARGET_NAME)";
			};
			name = Release;
		};
/* End XCBuildConfiguration section */

/* Begin XCConfigurationList section */
		4C482F522342498F001A00FA /* Build configuration list for PBXProject "software" */ = {
			isa = XCConfigurationList;
			buildConfigurations = (
				4C482F6623424990001A00FA /* Debug */,
				4C482F6723424990001A00FA /* Release */,
			);
			defaultConfigurationIsVisible = 0;
			defaultConfigurationName = Release;
		};
		4C482F6823424990001A00FA /* Build configuration list for PBXNativeTarget "software" */ = {
			isa = XCConfigurationList;
			buildConfigurations = (
				4C482F6923424990001A00FA /* Debug */,
				4C482F6A23424990001A00FA /* Release */,
			);
			defaultConfigurationIsVisible = 0;
			defaultConfigurationName = Release;
		};
/* End XCConfigurationList section */
	};
	rootObject = 4C482F4F2342498F001A00FA /* Project object */;
}
